
Microsoft Visual Studio Solution File, Format Version 12.00
# Visual Studio 15
VisualStudioVersion = 15.0.26430.16
MinimumVisualStudioVersion = 10.0.40219.1
Project("{9A19103F-16F7-4668-BE54-9A1E7A4F7556}") = "The.Blob", "The.Blob\The.Blob.csproj", "{2ED3774E-5A92-4EEA-AC3D-E19BD6133107}"
EndProject
Project("{9A19103F-16F7-4668-BE54-9A1E7A4F7556}") = "Bridge", "Bridge\Bridge.csproj", "{3DAA37A7-84AE-453D-9C60-ED1CBD933166}"
EndProject
Project("{9A19103F-16F7-4668-BE54-9A1E7A4F7556}") = "Composite", "Composite\Composite.csproj", "{DA1A32A6-9AE0-4661-A5E4-DC99A846EB18}"
EndProject
Project("{9A19103F-16F7-4668-BE54-9A1E7A4F7556}") = "Strategy", "Strategy\Strategy.csproj", "{22B8D003-2969-412D-849C-07CA54DE7F1F}"
EndProject
Project("{9A19103F-16F7-4668-BE54-9A1E7A4F7556}") = "Observer", "Observer\Observer.csproj", "{10FA9457-D683-469F-8ECD-9F88E104C401}"
EndProject
Project("{9A19103F-16F7-4668-BE54-9A1E7A4F7556}") = "Decorator", "Decorator\Decorator.csproj", "{47593817-CF76-427A-8C75-C9B3F4A4BC7F}"
EndProject
Project("{2150E333-8FDC-42A3-9474-1A3956D46DE8}") = "Creational", "Creational", "{0A2E4B98-8626-4B08-84EF-C479A6F04065}"
EndProject
Project("{2150E333-8FDC-42A3-9474-1A3956D46DE8}") = "Structural", "Structural", "{6164418B-30F0-44EC-AFE0-7E661FF33246}"
EndProject
Project("{2150E333-8FDC-42A3-9474-1A3956D46DE8}") = "Behavioral", "Behavioral", "{6163E522-BA41-4B81-8071-B610611D79EB}"
EndProject
Project("{2150E333-8FDC-42A3-9474-1A3956D46DE8}") = "AntiPatterns", "AntiPatterns", "{F64CB746-7CAA-4C52-8F3B-70A23C707DC8}"
EndProject
Project("{9A19103F-16F7-4668-BE54-9A1E7A4F7556}") = "Builder", "Builder\Builder.csproj", "{0D1D8988-AFC5-4E59-BB97-5DD42130F9A6}"
EndProject
Project("{FAE04EC0-301F-11D3-BF4B-00C04F79EFBC}") = "FactoryMethod", "Factory Method\FactoryMethod.csproj", "{373D2A71-27C2-4F48-B9FF-D58A4A148F94}"
EndProject
Global
	GlobalSection(SolutionConfigurationPlatforms) = preSolution
		Debug|Any CPU = Debug|Any CPU
		Release|Any CPU = Release|Any CPU
	EndGlobalSection
	GlobalSection(ProjectConfigurationPlatforms) = postSolution
		{2ED3774E-5A92-4EEA-AC3D-E19BD6133107}.Debug|Any CPU.ActiveCfg = Debug|Any CPU
		{2ED3774E-5A92-4EEA-AC3D-E19BD6133107}.Debug|Any CPU.Build.0 = Debug|Any CPU
		{2ED3774E-5A92-4EEA-AC3D-E19BD6133107}.Release|Any CPU.ActiveCfg = Release|Any CPU
		{2ED3774E-5A92-4EEA-AC3D-E19BD6133107}.Release|Any CPU.Build.0 = Release|Any CPU
		{3DAA37A7-84AE-453D-9C60-ED1CBD933166}.Debug|Any CPU.ActiveCfg = Debug|Any CPU
		{3DAA37A7-84AE-453D-9C60-ED1CBD933166}.Debug|Any CPU.Build.0 = Debug|Any CPU
		{3DAA37A7-84AE-453D-9C60-ED1CBD933166}.Release|Any CPU.ActiveCfg = Release|Any CPU
		{3DAA37A7-84AE-453D-9C60-ED1CBD933166}.Release|Any CPU.Build.0 = Release|Any CPU
		{DA1A32A6-9AE0-4661-A5E4-DC99A846EB18}.Debug|Any CPU.ActiveCfg = Debug|Any CPU
		{DA1A32A6-9AE0-4661-A5E4-DC99A846EB18}.Debug|Any CPU.Build.0 = Debug|Any CPU
		{DA1A32A6-9AE0-4661-A5E4-DC99A846EB18}.Release|Any CPU.ActiveCfg = Release|Any CPU
		{DA1A32A6-9AE0-4661-A5E4-DC99A846EB18}.Release|Any CPU.Build.0 = Release|Any CPU
		{22B8D003-2969-412D-849C-07CA54DE7F1F}.Debug|Any CPU.ActiveCfg = Debug|Any CPU
		{22B8D003-2969-412D-849C-07CA54DE7F1F}.Debug|Any CPU.Build.0 = Debug|Any CPU
		{22B8D003-2969-412D-849C-07CA54DE7F1F}.Release|Any CPU.ActiveCfg = Release|Any CPU
		{22B8D003-2969-412D-849C-07CA54DE7F1F}.Release|Any CPU.Build.0 = Release|Any CPU
		{10FA9457-D683-469F-8ECD-9F88E104C401}.Debug|Any CPU.ActiveCfg = Debug|Any CPU
		{10FA9457-D683-469F-8ECD-9F88E104C401}.Debug|Any CPU.Build.0 = Debug|Any CPU
		{10FA9457-D683-469F-8ECD-9F88E104C401}.Release|Any CPU.ActiveCfg = Release|Any CPU
		{10FA9457-D683-469F-8ECD-9F88E104C401}.Release|Any CPU.Build.0 = Release|Any CPU
		{47593817-CF76-427A-8C75-C9B3F4A4BC7F}.Debug|Any CPU.ActiveCfg = Debug|Any CPU
		{47593817-CF76-427A-8C75-C9B3F4A4BC7F}.Debug|Any CPU.Build.0 = Debug|Any CPU
		{47593817-CF76-427A-8C75-C9B3F4A4BC7F}.Release|Any CPU.ActiveCfg = Release|Any CPU
		{47593817-CF76-427A-8C75-C9B3F4A4BC7F}.Release|Any CPU.Build.0 = Release|Any CPU
		{0D1D8988-AFC5-4E59-BB97-5DD42130F9A6}.Debug|Any CPU.ActiveCfg = Debug|Any CPU
		{0D1D8988-AFC5-4E59-BB97-5DD42130F9A6}.Debug|Any CPU.Build.0 = Debug|Any CPU
		{0D1D8988-AFC5-4E59-BB97-5DD42130F9A6}.Release|Any CPU.ActiveCfg = Release|Any CPU
		{0D1D8988-AFC5-4E59-BB97-5DD42130F9A6}.Release|Any CPU.Build.0 = Release|Any CPU
		{373D2A71-27C2-4F48-B9FF-D58A4A148F94}.Debug|Any CPU.ActiveCfg = Debug|Any CPU
		{373D2A71-27C2-4F48-B9FF-D58A4A148F94}.Debug|Any CPU.Build.0 = Debug|Any CPU
		{373D2A71-27C2-4F48-B9FF-D58A4A148F94}.Release|Any CPU.ActiveCfg = Release|Any CPU
		{373D2A71-27C2-4F48-B9FF-D58A4A148F94}.Release|Any CPU.Build.0 = Release|Any CPU
	EndGlobalSection
	GlobalSection(SolutionProperties) = preSolution
		HideSolutionNode = FALSE
	EndGlobalSection
	GlobalSection(NestedProjects) = preSolution
		{2ED3774E-5A92-4EEA-AC3D-E19BD6133107} = {F64CB746-7CAA-4C52-8F3B-70A23C707DC8}
		{3DAA37A7-84AE-453D-9C60-ED1CBD933166} = {6164418B-30F0-44EC-AFE0-7E661FF33246}
		{DA1A32A6-9AE0-4661-A5E4-DC99A846EB18} = {6164418B-30F0-44EC-AFE0-7E661FF33246}
		{22B8D003-2969-412D-849C-07CA54DE7F1F} = {6163E522-BA41-4B81-8071-B610611D79EB}
		{10FA9457-D683-469F-8ECD-9F88E104C401} = {6163E522-BA41-4B81-8071-B610611D79EB}
		{47593817-CF76-427A-8C75-C9B3F4A4BC7F} = {6164418B-30F0-44EC-AFE0-7E661FF33246}
		{0D1D8988-AFC5-4E59-BB97-5DD42130F9A6} = {0A2E4B98-8626-4B08-84EF-C479A6F04065}
		{373D2A71-27C2-4F48-B9FF-D58A4A148F94} = {0A2E4B98-8626-4B08-84EF-C479A6F04065}
	EndGlobalSection
EndGlobal
